// !$*UTF8*$!
{
	archiveVersion = 1;
	classes = {
	};
	objectVersion = 46;
	objects = {

/* Begin PBXBuildFile section */
		22720DE11CD9D0E2007752F4 /* main.m in Sources */ = {isa = PBXBuildFile; fileRef = 22720DE01CD9D0E2007752F4 /* main.m */; };
		22720DE41CD9D0E2007752F4 /* AppDelegate.m in Sources */ = {isa = PBXBuildFile; fileRef = 22720DE31CD9D0E2007752F4 /* AppDelegate.m */; };
		22720DE71CD9D0E2007752F4 /* ViewController.m in Sources */ = {isa = PBXBuildFile; fileRef = 22720DE61CD9D0E2007752F4 /* ViewController.m */; };
		22720DEA1CD9D0E2007752F4 /* Main.storyboard in Resources */ = {isa = PBXBuildFile; fileRef = 22720DE81CD9D0E2007752F4 /* Main.storyboard */; };
		22720DEC1CD9D0E2007752F4 /* Assets.xcassets in Resources */ = {isa = PBXBuildFile; fileRef = 22720DEB1CD9D0E2007752F4 /* Assets.xcassets */; };
		22720DEF1CD9D0E2007752F4 /* LaunchScreen.storyboard in Resources */ = {isa = PBXBuildFile; fileRef = 22720DED1CD9D0E2007752F4 /* LaunchScreen.storyboard */; };
		22720E141CD9D128007752F4 /* PPTableViewCellInfo.m in Sources */ = {isa = PBXBuildFile; fileRef = 22720E0C1CD9D128007752F4 /* PPTableViewCellInfo.m */; };
		22720E151CD9D128007752F4 /* PPTableViewInfo.m in Sources */ = {isa = PBXBuildFile; fileRef = 22720E0E1CD9D128007752F4 /* PPTableViewInfo.m */; };
		22720E161CD9D128007752F4 /* PPTableViewSectionInfo.m in Sources */ = {isa = PBXBuildFile; fileRef = 22720E101CD9D128007752F4 /* PPTableViewSectionInfo.m */; };
		22720E171CD9D128007752F4 /* PPTableViewUserInfo.m in Sources */ = {isa = PBXBuildFile; fileRef = 22720E121CD9D128007752F4 /* PPTableViewUserInfo.m */; };
		22720E1A1CDB2352007752F4 /* PPUtility.m in Sources */ = {isa = PBXBuildFile; fileRef = 22720E191CDB2352007752F4 /* PPUtility.m */; };
/* End PBXBuildFile section */

/* Begin PBXFileReference section */
		22720DDC1CD9D0E2007752F4 /* PPTableView.app */ = {isa = PBXFileReference; explicitFileType = wrapper.application; includeInIndex = 0; path = PPTableView.app; sourceTree = BUILT_PRODUCTS_DIR; };
		22720DE01CD9D0E2007752F4 /* main.m */ = {isa = PBXFileReference; lastKnownFileType = sourcecode.c.objc; path = main.m; sourceTree = "<group>"; };
		22720DE21CD9D0E2007752F4 /* AppDelegate.h */ = {isa = PBXFileReference; lastKnownFileType = sourcecode.c.h; path = AppDelegate.h; sourceTree = "<group>"; };
		22720DE31CD9D0E2007752F4 /* AppDelegate.m */ = {isa = PBXFileReference; lastKnownFileType = sourcecode.c.objc; path = AppDelegate.m; sourceTree = "<group>"; };
		22720DE51CD9D0E2007752F4 /* ViewController.h */ = {isa = PBXFileReference; lastKnownFileType = sourcecode.c.h; path = ViewController.h; sourceTree = "<group>"; };
		22720DE61CD9D0E2007752F4 /* ViewController.m */ = {isa = PBXFileReference; lastKnownFileType = sourcecode.c.objc; path = ViewController.m; sourceTree = "<group>"; };
		22720DE91CD9D0E2007752F4 /* Base */ = {isa = PBXFileReference; lastKnownFileType = file.storyboard; name = Base; path = Base.lproj/Main.storyboard; sourceTree = "<group>"; };
		22720DEB1CD9D0E2007752F4 /* Assets.xcassets */ = {isa = PBXFileReference; lastKnownFileType = folder.assetcatalog; path = Assets.xcassets; sourceTree = "<group>"; };
		22720DEE1CD9D0E2007752F4 /* Base */ = {isa = PBXFileReference; lastKnownFileType = file.storyboard; name = Base; path = Base.lproj/LaunchScreen.storyboard; sourceTree = "<group>"; };
		22720DF01CD9D0E2007752F4 /* Info.plist */ = {isa = PBXFileReference; lastKnownFileType = text.plist.xml; path = Info.plist; sourceTree = "<group>"; };
		22720E081CD9D128007752F4 /* PPTableView.h */ = {isa = PBXFileReference; fileEncoding = 4; lastKnownFileType = sourcecode.c.h; path = PPTableView.h; sourceTree = "<group>"; };
		22720E0B1CD9D128007752F4 /* PPTableViewCellInfo.h */ = {isa = PBXFileReference; fileEncoding = 4; lastKnownFileType = sourcecode.c.h; path = PPTableViewCellInfo.h; sourceTree = "<group>"; };
		22720E0C1CD9D128007752F4 /* PPTableViewCellInfo.m */ = {isa = PBXFileReference; fileEncoding = 4; lastKnownFileType = sourcecode.c.objc; path = PPTableViewCellInfo.m; sourceTree = "<group>"; };
		22720E0D1CD9D128007752F4 /* PPTableViewInfo.h */ = {isa = PBXFileReference; fileEncoding = 4; lastKnownFileType = sourcecode.c.h; path = PPTableViewInfo.h; sourceTree = "<group>"; };
		22720E0E1CD9D128007752F4 /* PPTableViewInfo.m */ = {isa = PBXFileReference; fileEncoding = 4; lastKnownFileType = sourcecode.c.objc; path = PPTableViewInfo.m; sourceTree = "<group>"; };
		22720E0F1CD9D128007752F4 /* PPTableViewSectionInfo.h */ = {isa = PBXFileReference; fileEncoding = 4; lastKnownFileType = sourcecode.c.h; path = PPTableViewSectionInfo.h; sourceTree = "<group>"; };
		22720E101CD9D128007752F4 /* PPTableViewSectionInfo.m */ = {isa = PBXFileReference; fileEncoding = 4; lastKnownFileType = sourcecode.c.objc; path = PPTableViewSectionInfo.m; sourceTree = "<group>"; };
		22720E111CD9D128007752F4 /* PPTableViewUserInfo.h */ = {isa = PBXFileReference; fileEncoding = 4; lastKnownFileType = sourcecode.c.h; path = PPTableViewUserInfo.h; sourceTree = "<group>"; };
		22720E121CD9D128007752F4 /* PPTableViewUserInfo.m */ = {isa = PBXFileReference; fileEncoding = 4; lastKnownFileType = sourcecode.c.objc; path = PPTableViewUserInfo.m; sourceTree = "<group>"; };
		22720E181CDB2352007752F4 /* PPUtility.h */ = {isa = PBXFileReference; fileEncoding = 4; lastKnownFileType = sourcecode.c.h; path = PPUtility.h; sourceTree = "<group>"; };
		22720E191CDB2352007752F4 /* PPUtility.m */ = {isa = PBXFileReference; fileEncoding = 4; lastKnownFileType = sourcecode.c.objc; path = PPUtility.m; sourceTree = "<group>"; };
/* End PBXFileReference section */

/* Begin PBXFrameworksBuildPhase section */
		22720DD91CD9D0E2007752F4 /* Frameworks */ = {
			isa = PBXFrameworksBuildPhase;
			buildActionMask = 2147483647;
			files = (
			);
			runOnlyForDeploymentPostprocessing = 0;
		};
/* End PBXFrameworksBuildPhase section */

/* Begin PBXGroup section */
		22720DD31CD9D0E2007752F4 = {
			isa = PBXGroup;
			children = (
				22720DDE1CD9D0E2007752F4 /* PPTableView */,
				22720DDD1CD9D0E2007752F4 /* Products */,
			);
			sourceTree = "<group>";
		};
		22720DDD1CD9D0E2007752F4 /* Products */ = {
			isa = PBXGroup;
			children = (
				22720DDC1CD9D0E2007752F4 /* PPTableView.app */,
			);
			name = Products;
			sourceTree = "<group>";
		};
		22720DDE1CD9D0E2007752F4 /* PPTableView */ = {
			isa = PBXGroup;
			children = (
				22720E071CD9D128007752F4 /* Classes */,
				22720DE21CD9D0E2007752F4 /* AppDelegate.h */,
				22720DE31CD9D0E2007752F4 /* AppDelegate.m */,
				22720DE51CD9D0E2007752F4 /* ViewController.h */,
				22720DE61CD9D0E2007752F4 /* ViewController.m */,
				22720DE81CD9D0E2007752F4 /* Main.storyboard */,
				22720DEB1CD9D0E2007752F4 /* Assets.xcassets */,
				22720DED1CD9D0E2007752F4 /* LaunchScreen.storyboard */,
				22720DF01CD9D0E2007752F4 /* Info.plist */,
				22720DDF1CD9D0E2007752F4 /* Supporting Files */,
			);
			path = PPTableView;
			sourceTree = "<group>";
		};
		22720DDF1CD9D0E2007752F4 /* Supporting Files */ = {
			isa = PBXGroup;
			children = (
				22720DE01CD9D0E2007752F4 /* main.m */,
			);
			name = "Supporting Files";
			sourceTree = "<group>";
		};
		22720E071CD9D128007752F4 /* Classes */ = {
			isa = PBXGroup;
			children = (
				22720E081CD9D128007752F4 /* PPTableView.h */,
				22720E0B1CD9D128007752F4 /* PPTableViewCellInfo.h */,
				22720E0C1CD9D128007752F4 /* PPTableViewCellInfo.m */,
				22720E0D1CD9D128007752F4 /* PPTableViewInfo.h */,
				22720E0E1CD9D128007752F4 /* PPTableViewInfo.m */,
				22720E0F1CD9D128007752F4 /* PPTableViewSectionInfo.h */,
				22720E101CD9D128007752F4 /* PPTableViewSectionInfo.m */,
				22720E111CD9D128007752F4 /* PPTableViewUserInfo.h */,
				22720E121CD9D128007752F4 /* PPTableViewUserInfo.m */,
				22720E181CDB2352007752F4 /* PPUtility.h */,
				22720E191CDB2352007752F4 /* PPUtility.m */,
			);
			path = Classes;
			sourceTree = SOURCE_ROOT;
		};
/* End PBXGroup section */

/* Begin PBXNativeTarget section */
		22720DDB1CD9D0E2007752F4 /* PPTableView */ = {
			isa = PBXNativeTarget;
			buildConfigurationList = 22720DF31CD9D0E2007752F4 /* Build configuration list for PBXNativeTarget "PPTableView" */;
			buildPhases = (
				22720DD81CD9D0E2007752F4 /* Sources */,
				22720DD91CD9D0E2007752F4 /* Frameworks */,
				22720DDA1CD9D0E2007752F4 /* Resources */,
			);
			buildRules = (
			);
			dependencies = (
			);
			name = PPTableView;
			productName = PPTableView;
			productReference = 22720DDC1CD9D0E2007752F4 /* PPTableView.app */;
			productType = "com.apple.product-type.application";
		};
/* End PBXNativeTarget section */

/* Begin PBXProject section */
		22720DD41CD9D0E2007752F4 /* Project object */ = {
			isa = PBXProject;
			attributes = {
				LastUpgradeCheck = 0730;
				ORGANIZATIONNAME = DSKcpp;
				TargetAttributes = {
					22720DDB1CD9D0E2007752F4 = {
						CreatedOnToolsVersion = 7.3;
					};
				};
			};
			buildConfigurationList = 22720DD71CD9D0E2007752F4 /* Build configuration list for PBXProject "PPTableView" */;
			compatibilityVersion = "Xcode 3.2";
			developmentRegion = English;
			hasScannedForEncodings = 0;
			knownRegions = (
				en,
				Base,
			);
			mainGroup = 22720DD31CD9D0E2007752F4;
			productRefGroup = 22720DDD1CD9D0E2007752F4 /* Products */;
			projectDirPath = "";
			projectRoot = "";
			targets = (
				22720DDB1CD9D0E2007752F4 /* PPTableView */,
			);
		};
/* End PBXProject section */

/* Begin PBXResourcesBuildPhase section */
		22720DDA1CD9D0E2007752F4 /* Resources */ = {
			isa = PBXResourcesBuildPhase;
			buildActionMask = 2147483647;
			files = (
				22720DEF1CD9D0E2007752F4 /* LaunchScreen.storyboard in Resources */,
				22720DEC1CD9D0E2007752F4 /* Assets.xcassets in Resources */,
				22720DEA1CD9D0E2007752F4 /* Main.storyboard in Resources */,
			);
			runOnlyForDeploymentPostprocessing = 0;
		};
/* End PBXResourcesBuildPhase section */

/* Begin PBXSourcesBuildPhase section */
		22720DD81CD9D0E2007752F4 /* Sources */ = {
			isa = PBXSourcesBuildPhase;
			buildActionMask = 2147483647;
			files = (
				22720DE71CD9D0E2007752F4 /* ViewController.m in Sources */,
				22720E141CD9D128007752F4 /* PPTableViewCellInfo.m in Sources */,
				22720DE41CD9D0E2007752F4 /* AppDelegate.m in Sources */,
				22720E161CD9D128007752F4 /* PPTableViewSectionInfo.m in Sources */,
				22720E151CD9D128007752F4 /* PPTableViewInfo.m in Sources */,
				22720DE11CD9D0E2007752F4 /* main.m in Sources */,
				22720E1A1CDB2352007752F4 /* PPUtility.m in Sources */,
				22720E171CD9D128007752F4 /* PPTableViewUserInfo.m in Sources */,
			);
			runOnlyForDeploymentPostprocessing = 0;
		};
/* End PBXSourcesBuildPhase section */

/* Begin PBXVariantGroup section */
		22720DE81CD9D0E2007752F4 /* Main.storyboard */ = {
			isa = PBXVariantGroup;
			children = (
				22720DE91CD9D0E2007752F4 /* Base */,
			);
			name = Main.storyboard;
			sourceTree = "<group>";
		};
		22720DED1CD9D0E2007752F4 /* LaunchScreen.storyboard */ = {
			isa = PBXVariantGroup;
			children = (
				22720DEE1CD9D0E2007752F4 /* Base */,
			);
			name = LaunchScreen.storyboard;
			sourceTree = "<group>";
		};
/* End PBXVariantGroup section */

/* Begin XCBuildConfiguration section */
		22720DF11CD9D0E2007752F4 /* Debug */ = {
			isa = XCBuildConfiguration;
			buildSettings = {
				ALWAYS_SEARCH_USER_PATHS = NO;
				CLANG_ANALYZER_NONNULL = YES;
				CLANG_CXX_LANGUAGE_STANDARD = "gnu++0x";
				CLANG_CXX_LIBRARY = "libc++";
				CLANG_ENABLE_MODULES = YES;
				CLANG_ENABLE_OBJC_ARC = YES;
				CLANG_WARN_BOOL_CONVERSION = YES;
				CLANG_WARN_CONSTANT_CONVERSION = YES;
				CLANG_WARN_DIRECT_OBJC_ISA_USAGE = YES_ERROR;
				CLANG_WARN_EMPTY_BODY = YES;
				CLANG_WARN_ENUM_CONVERSION = YES;
				CLANG_WARN_INT_CONVERSION = YES;
				CLANG_WARN_OBJC_ROOT_CLASS = YES_ERROR;
				CLANG_WARN_UNREACHABLE_CODE = YES;
				CLANG_WARN__DUPLICATE_METHOD_MATCH = YES;
				"CODE_SIGN_IDENTITY[sdk=iphoneos*]" = "iPhone Developer";
				COPY_PHASE_STRIP = NO;
				DEBUG_INFORMATION_FORMAT = dwarf;
				ENABLE_STRICT_OBJC_MSGSEND = YES;
				ENABLE_TESTABILITY = YES;
				GCC_C_LANGUAGE_STANDARD = gnu99;
				GCC_DYNAMIC_NO_PIC = NO;
				GCC_NO_COMMON_BLOCKS = YES;
				GCC_OPTIMIZATION_LEVEL = 0;
				GCC_PREPROCESSOR_DEFINITIONS = (
					"DEBUG=1",
					"$(inherited)",
				);
				GCC_WARN_64_TO_32_BIT_CONVERSION = YES;
				GCC_WARN_ABOUT_RETURN_TYPE = YES_ERROR;
				GCC_WARN_UNDECLARED_SELECTOR = YES;
				GCC_WARN_UNINITIALIZED_AUTOS = YES_AGGRESSIVE;
				GCC_WARN_UNUSED_FUNCTION = YES;
				GCC_WARN_UNUSED_VARIABLE = YES;
				IPHONEOS_DEPLOYMENT_TARGET = 6.0;
				MTL_ENABLE_DEBUG_INFO = YES;
				ONLY_ACTIVE_ARCH = YES;
				SDKROOT = iphoneos;
				TARGETED_DEVICE_FAMILY = "1,2";
			};
			name = Debug;
		};
		22720DF21CD9D0E2007752F4 /* Release */ = {
			isa = XCBuildConfiguration;
			buildSettings = {
				ALWAYS_SEARCH_USER_PATHS = NO;
				CLANG_ANALYZER_NONNULL = YES;
				CLANG_CXX_LANGUAGE_STANDARD = "gnu++0x";
				CLANG_CXX_LIBRARY = "libc++";
				CLANG_ENABLE_MODULES = YES;
				CLANG_ENABLE_OBJC_ARC = YES;
				CLANG_WARN_BOOL_CONVERSION = YES;
				CLANG_WARN_CONSTANT_CONVERSION = YES;
				CLANG_WARN_DIRECT_OBJC_ISA_USAGE = YES_ERROR;
				CLANG_WARN_EMPTY_BODY = YES;
				CLANG_WARN_ENUM_CONVERSION = YES;
				CLANG_WARN_INT_CONVERSION = YES;
				CLANG_WARN_OBJC_ROOT_CLASS = YES_ERROR;
				CLANG_WARN_UNREACHABLE_CODE = YES;
				CLANG_WARN__DUPLICATE_METHOD_MATCH = YES;
				"CODE_SIGN_IDENTITY[sdk=iphoneos*]" = "iPhone Developer";
				COPY_PHASE_STRIP = NO;
				DEBUG_INFORMATION_FORMAT = "dwarf-with-dsym";
				ENABLE_NS_ASSERTIONS = NO;
				ENABLE_STRICT_OBJC_MSGSEND = YES;
				GCC_C_LANGUAGE_STANDARD = gnu99;
				GCC_NO_COMMON_BLOCKS = YES;
				GCC_WARN_64_TO_32_BIT_CONVERSION = YES;
				GCC_WARN_ABOUT_RETURN_TYPE = YES_ERROR;
				GCC_WARN_UNDECLARED_SELECTOR = YES;
				GCC_WARN_UNINITIALIZED_AUTOS = YES_AGGRESSIVE;
				GCC_WARN_UNUSED_FUNCTION = YES;
				GCC_WARN_UNUSED_VARIABLE = YES;
				IPHONEOS_DEPLOYMENT_TARGET = 6.0;
				MTL_ENABLE_DEBUG_INFO = NO;
				SDKROOT = iphoneos;
				TARGETED_DEVICE_FAMILY = "1,2";
				VALIDATE_PRODUCT = YES;
			};
			name = Release;
		};
		22720DF41CD9D0E2007752F4 /* Debug */ = {
			isa = XCBuildConfiguration;
			buildSettings = {
				CODE_SIGN_IDENTITY = "iPhone Developer";
				"CODE_SIGN_IDENTITY[sdk=iphoneos*]" = "iPhone Developer";
				INFOPLIST_FILE = PPTableView/Info.plist;
				LD_RUNPATH_SEARCH_PATHS = "$(inherited) @executable_path/Frameworks";
				PRODUCT_BUNDLE_IDENTIFIER = com.dskcpp.pptableview;
				PRODUCT_NAME = "$(TARGET_NAME)";
				PROVISIONING_PROFILE = "";
			};
			name = Debug;
		};
		22720DF51CD9D0E2007752F4 /* Release */ = {
			isa = XCBuildConfiguration;
			buildSettings = {
				CODE_SIGN_IDENTITY = "iPhone Developer";
				"CODE_SIGN_IDENTITY[sdk=iphoneos*]" = "iPhone Developer";
				INFOPLIST_FILE = PPTableView/Info.plist;
				LD_RUNPATH_SEARCH_PATHS = "$(inherited) @executable_path/Frameworks";
				PRODUCT_BUNDLE_IDENTIFIER = com.dskcpp.pptableview;
				PRODUCT_NAME = "$(TARGET_NAME)";
				PROVISIONING_PROFILE = "";
			};
			name = Release;
		};
/* End XCBuildConfiguration section */

/* Begin XCConfigurationList section */
		22720DD71CD9D0E2007752F4 /* Build configuration list for PBXProject "PPTableView" */ = {
			isa = XCConfigurationList;
			buildConfigurations = (
				22720DF11CD9D0E2007752F4 /* Debug */,
				22720DF21CD9D0E2007752F4 /* Release */,
			);
			defaultConfigurationIsVisible = 0;
			defaultConfigurationName = Release;
		};
		22720DF31CD9D0E2007752F4 /* Build configuration list for PBXNativeTarget "PPTableView" */ = {
			isa = XCConfigurationList;
			buildConfigurations = (
				22720DF41CD9D0E2007752F4 /* Debug */,
				22720DF51CD9D0E2007752F4 /* Release */,
			);
			defaultConfigurationIsVisible = 0;
			defaultConfigurationName = Release;
		};
/* End XCConfigurationList section */
	};
	rootObject = 22720DD41CD9D0E2007752F4 /* Project object */;
}
